github.com/deckarep/golang-set/v2 v2.8.0 h1:swm0rlPCmdWn9mESxKOjWk8hXSqoxOp+ZlfuyaAdFlQ=
github.com/deckarep/golang-set/v2 v2.8.0/go.mod h1:VAky9rY/yGXJOLEDv3OMci+7wtDpOF4IN+y82NBOac4=
github.com/gammazero/deque v1.0.0 h1:LTmimT8H7bXkkCy6gZX7zNLtkbz4NdS2z8LZuor3j34=
github.com/gammazero/deque v1.0.0/go.mod h1:iflpYvtGfM3U8S8j+sZEKIak3SAKYpA5/SQewgfXDKo=
golang.org/x/net v0.40.0 h1:79Xs7wF06Gbdcg4kdCCIQArK11Z1hr5POQ6+fIYHNuY=
golang.org/x/net v0.40.0/go.mod h1:y0hY0exeL2Pku80/zKK7tpntoX23cqL3Oa6njdgRtds=
